
Microsoft Visual Studio Solution File, Format Version 12.00
# Visual Studio Version 16
VisualStudioVersion = 16.0.28407.52
MinimumVisualStudioVersion = 10.0.40219.1
Project("{FAE04EC0-301F-11D3-BF4B-00C04F79EFBC}") = "GameishThing", "GameishThing\GameishThing.csproj", "{AF154BAF-EDC0-43AB-95C2-BC1E7D53C2FB}"
EndProject
Global
	GlobalSection(SolutionConfigurationPlatforms) = preSolution
		Debug|Any CPU = Debug|Any CPU
		Release|Any CPU = Release|Any CPU
	EndGlobalSection
	GlobalSection(ProjectConfigurationPlatforms) = postSolution
		{AF154BAF-EDC0-43AB-95C2-BC1E7D53C2FB}.Debug|Any CPU.ActiveCfg = Debug|Any CPU
		{AF154BAF-EDC0-43AB-95C2-BC1E7D53C2FB}.Debug|Any CPU.Build.0 = Debug|Any CPU
		{AF154BAF-EDC0-43AB-95C2-BC1E7D53C2FB}.Release|Any CPU.ActiveCfg = Release|Any CPU
		{AF154BAF-EDC0-43AB-95C2-BC1E7D53C2FB}.Release|Any CPU.Build.0 = Release|Any CPU
	EndGlobalSection
	GlobalSection(SolutionProperties) = preSolution
		HideSolutionNode = FALSE
	EndGlobalSection
	GlobalSection(ExtensibilityGlobals) = postSolution
		SolutionGuid = {E320C42E-27D5-4943-A369-20E2B8395DF6}
	EndGlobalSection
EndGlobal
